
Microsoft Visual Studio Solution File, Format Version 12.00
# Visual Studio Version 17
VisualStudioVersion = 17.14.36408.4 d17.14
MinimumVisualStudioVersion = 10.0.40219.1
Project("{FAE04EC0-301F-11D3-BF4B-00C04F79EFBC}") = "PosTestApi", "PosTestApi.csproj", "{2F8BC4F1-D538-4216-B315-D349A13A1AB9}"
EndProject
Global
	GlobalSection(SolutionConfigurationPlatforms) = preSolution
		Debug|Any CPU = Debug|Any CPU
		Release|Any CPU = Release|Any CPU
	EndGlobalSection
	GlobalSection(ProjectConfigurationPlatforms) = postSolution
		{2F8BC4F1-D538-4216-B315-D349A13A1AB9}.Debug|Any CPU.ActiveCfg = Debug|Any CPU
		{2F8BC4F1-D538-4216-B315-D349A13A1AB9}.Debug|Any CPU.Build.0 = Debug|Any CPU
		{2F8BC4F1-D538-4216-B315-D349A13A1AB9}.Release|Any CPU.ActiveCfg = Release|Any CPU
		{2F8BC4F1-D538-4216-B315-D349A13A1AB9}.Release|Any CPU.Build.0 = Release|Any CPU
	EndGlobalSection
	GlobalSection(SolutionProperties) = preSolution
		HideSolutionNode = FALSE
	EndGlobalSection
	GlobalSection(ExtensibilityGlobals) = postSolution
		SolutionGuid = {F1840758-11F6-459C-9CC2-041FA2018E63}
	EndGlobalSection
EndGlobal
